<?xml version="1.0" encoding="utf-8"?>
<Project ToolsVersion="4.0" xmlns="http://schemas.microsoft.com/developer/msbuild/2003">
  <ItemGroup>
    <Filter Include="Source Files">
      <UniqueIdentifier>{4FC737F1-C7A5-4376-A066-2A32D752A2FF}</UniqueIdentifier>
      <Extensions>cpp;c;cc;cxx;def;odl;idl;hpj;bat;asm;asmx</Extensions>
    </Filter>
    <Filter Include="Header Files">
      <UniqueIdentifier>{93995380-89BD-4b04-88EB-625FBE52EBFB}</UniqueIdentifier>
      <Extensions>h;hh;hpp;hxx;hm;inl;inc;xsd</Extensions>
    </Filter>
    <Filter Include="Resource Files">
      <UniqueIdentifier>{67DA6AB6-F800-4c08-8B7A-83BB121AAD01}</UniqueIdentifier>
      <Extensions>rc;ico;cur;bmp;dlg;rc2;rct;bin;rgs;gif;jpg;jpeg;jpe;resx;tiff;tif;png;wav;mfcribbon-ms</Extensions>
    </Filter>
    <Filter Include="common_res">
      <UniqueIdentifier>{01c9b599-5a9d-4068-8665-a56471296c63}</UniqueIdentifier>
    </Filter>
  </ItemGroup>
  <ItemGroup>
    <ClCompile Include="main.cpp">
      <Filter>Source Files</Filter>
    </ClCompile>
    <ClCompile Include="OculusVR.cpp">
      <Filter>Source Files</Filter>
    </ClCompile>
    <ClCompile Include="OculusVRDebug.cpp">
      <Filter>Source Files</Filter>
    </ClCompile>
    <ClCompile Include="OpenGL.cpp">
      <Filter>Source Files</Filter>
    </ClCompile>
    <ClCompile Include="OVRCameraFrustum.cpp">
      <Filter>Source Files</Filter>
    </ClCompile>
    <ClCompile Include="OVRTrackerChaperone.cpp">
      <Filter>Source Files</Filter>
    </ClCompile>
    <ClCompile Include="RenderContext.cpp">
      <Filter>Source Files</Filter>
    </ClCompile>
    <ClCompile Include="ShaderManager.cpp">
      <Filter>Source Files</Filter>
    </ClCompile>
    <ClCompile Include="Texture.cpp">
      <Filter>Source Files</Filter>
    </ClCompile>
    <ClCompile Include="TextureManager.cpp">
      <Filter>Source Files</Filter>
    </ClCompile>
    <ClCompile Include="Utils.cpp">
      <Filter>Source Files</Filter>
    </ClCompile>
    <ClCompile Include="Application.cpp">
      <Filter>Source Files</Filter>
    </ClCompile>
    <ClCompile Include="Camera.cpp">
      <Filter>Source Files</Filter>
    </ClCompile>
    <ClCompile Include="CameraDirector.cpp">
      <Filter>Source Files</Filter>
    </ClCompile>
    <ClCompile Include="Font.cpp">
      <Filter>Source Files</Filter>
    </ClCompile>
    <ClCompile Include="InputHandlers.cpp">
      <Filter>Source Files</Filter>
    </ClCompile>
    <ClCompile Include="Math.cpp">
      <Filter>Source Files</Filter>
    </ClCompile>
    <ClCompile Include="stb_image.c">
      <Filter>Source Files</Filter>
    </ClCompile>
  </ItemGroup>
  <ItemGroup>
    <ClInclude Include="Math.hpp">
      <Filter>Source Files</Filter>
    </ClInclude>
    <ClInclude Include="OculusVR.hpp">
      <Filter>Source Files</Filter>
    </ClInclude>
    <ClInclude Include="OculusVRDebug.hpp">
      <Filter>Source Files</Filter>
    </ClInclude>
    <ClInclude Include="OpenGL.hpp">
      <Filter>Source Files</Filter>
    </ClInclude>
    <ClInclude Include="OVRCameraFrustum.hpp">
      <Filter>Source Files</Filter>
    </ClInclude>
    <ClInclude Include="OVRTrackerChaperone.hpp">
      <Filter>Source Files</Filter>
    </ClInclude>
    <ClInclude Include="rendercontext.hpp">
      <Filter>Source Files</Filter>
    </ClInclude>
    <ClInclude Include="shader.hpp">
      <Filter>Source Files</Filter>
    </ClInclude>
    <ClInclude Include="ShaderManager.hpp">
      <Filter>Source Files</Filter>
    </ClInclude>
    <ClInclude Include="TextureManager.hpp">
      <Filter>Source Files</Filter>
    </ClInclude>
    <ClInclude Include="Utils.hpp">
      <Filter>Source Files</Filter>
    </ClInclude>
    <ClInclude Include="Application.hpp">
      <Filter>Source Files</Filter>
    </ClInclude>
    <ClInclude Include="Camera.hpp">
      <Filter>Source Files</Filter>
    </ClInclude>
    <ClInclude Include="CameraDirector.hpp">
      <Filter>Source Files</Filter>
    </ClInclude>
    <ClInclude Include="Font.hpp">
      <Filter>Source Files</Filter>
    </ClInclude>
    <ClInclude Include="InputHandlers.hpp">
      <Filter>Source Files</Filter>
    </ClInclude>
    <ClInclude Include="stb_image.h">
      <Filter>Source Files</Filter>
    </ClInclude>
    <ClInclude Include="Texture.hpp">
      <Filter>Source Files</Filter>
    </ClInclude>
  </ItemGroup>
  <ItemGroup>
    <None Include="Font.fsh">
      <Filter>common_res</Filter>
    </None>
    <None Include="Font.vsh">
      <Filter>common_res</Filter>
    </None>
    <None Include="OVRFrustum.fsh">
      <Filter>common_res</Filter>
    </None>
    <None Include="OVRFrustum.vsh">
      <Filter>common_res</Filter>
    </None>
    <None Include="Basic.fsh">
      <Filter>common_res</Filter>
    </None>
    <None Include="Basic.vsh">
      <Filter>common_res</Filter>
    </None>
    <None Include="BasicNoTex.fsh">
      <Filter>common_res</Filter>
    </None>
    <None Include="BasicNoTex.vsh">
      <Filter>common_res</Filter>
    </None>
  </ItemGroup>
  <ItemGroup>
    <Image Include="font.png">
      <Filter>common_res</Filter>
    </Image>
    <Image Include="block_blue.png">
      <Filter>common_res</Filter>
    </Image>
  </ItemGroup>
</Project>