
Microsoft Visual Studio Solution File, Format Version 12.00
# Visual Studio Express 2013 for Windows Desktop
VisualStudioVersion = 12.0.31101.0
MinimumVisualStudioVersion = 10.0.40219.1
Project("{8BC9CEB8-8B4A-11D0-8D11-00A0C91BC942}") = "expat", "expat\expat.vcxproj", "{1BC8EF5E-8350-4360-B859-C18453852990}"
EndProject
Project("{8BC9CEB8-8B4A-11D0-8D11-00A0C91BC942}") = "jpeg", "jpeg\jpeg.vcxproj", "{03EB2CCC-3BC4-4D19-8E24-9EFA68F772BC}"
EndProject
Project("{8BC9CEB8-8B4A-11D0-8D11-00A0C91BC942}") = "png", "png\png.vcxproj", "{83C27E06-D77C-4C16-A268-8CE64EC4DAB8}"
EndProject
Project("{8BC9CEB8-8B4A-11D0-8D11-00A0C91BC942}") = "regex", "regex\regex.vcxproj", "{7B435C50-A05D-4DB3-8E0C-F9CEDA0BA58F}"
EndProject
Project("{8BC9CEB8-8B4A-11D0-8D11-00A0C91BC942}") = "tiff", "tiff\tiff.vcxproj", "{387EE3A6-EDEA-450D-A030-86CE2A6147FF}"
EndProject
Project("{8BC9CEB8-8B4A-11D0-8D11-00A0C91BC942}") = "wxWindows", "wxWindows.vcxproj", "{AF8AFD66-957B-4D09-A1E0-8BCC7E74ECAE}"
EndProject
Project("{8BC9CEB8-8B4A-11D0-8D11-00A0C91BC942}") = "zlib", "zlib\zlib.vcxproj", "{68B0098B-F3D3-4A78-A1D1-ED1F844BC8F0}"
EndProject
Global
	GlobalSection(SolutionConfigurationPlatforms) = preSolution
		Debug DLL|Win32 = Debug DLL|Win32
		Debug Unicode DLL|Win32 = Debug Unicode DLL|Win32
		Debug Unicode|Win32 = Debug Unicode|Win32
		Debug|Win32 = Debug|Win32
		Release DLL|Win32 = Release DLL|Win32
		Release Unicode DLL|Win32 = Release Unicode DLL|Win32
		Release Unicode|Win32 = Release Unicode|Win32
		Release With Debug Info|Win32 = Release With Debug Info|Win32
		Release|Win32 = Release|Win32
		Template|Win32 = Template|Win32
	EndGlobalSection
	GlobalSection(ProjectConfigurationPlatforms) = postSolution
		{1BC8EF5E-8350-4360-B859-C18453852990}.Debug DLL|Win32.ActiveCfg = Debug|Win32
		{1BC8EF5E-8350-4360-B859-C18453852990}.Debug DLL|Win32.Build.0 = Debug|Win32
		{1BC8EF5E-8350-4360-B859-C18453852990}.Debug Unicode DLL|Win32.ActiveCfg = Debug|Win32
		{1BC8EF5E-8350-4360-B859-C18453852990}.Debug Unicode DLL|Win32.Build.0 = Debug|Win32
		{1BC8EF5E-8350-4360-B859-C18453852990}.Debug Unicode|Win32.ActiveCfg = Debug|Win32
		{1BC8EF5E-8350-4360-B859-C18453852990}.Debug Unicode|Win32.Build.0 = Debug|Win32
		{1BC8EF5E-8350-4360-B859-C18453852990}.Debug|Win32.ActiveCfg = Debug|Win32
		{1BC8EF5E-8350-4360-B859-C18453852990}.Debug|Win32.Build.0 = Debug|Win32
		{1BC8EF5E-8350-4360-B859-C18453852990}.Release DLL|Win32.ActiveCfg = Release|Win32
		{1BC8EF5E-8350-4360-B859-C18453852990}.Release DLL|Win32.Build.0 = Release|Win32
		{1BC8EF5E-8350-4360-B859-C18453852990}.Release Unicode DLL|Win32.ActiveCfg = Release|Win32
		{1BC8EF5E-8350-4360-B859-C18453852990}.Release Unicode DLL|Win32.Build.0 = Release|Win32
		{1BC8EF5E-8350-4360-B859-C18453852990}.Release Unicode|Win32.ActiveCfg = Release|Win32
		{1BC8EF5E-8350-4360-B859-C18453852990}.Release Unicode|Win32.Build.0 = Release|Win32
		{1BC8EF5E-8350-4360-B859-C18453852990}.Release With Debug Info|Win32.ActiveCfg = Release|Win32
		{1BC8EF5E-8350-4360-B859-C18453852990}.Release With Debug Info|Win32.Build.0 = Release|Win32
		{1BC8EF5E-8350-4360-B859-C18453852990}.Release|Win32.ActiveCfg = Release|Win32
		{1BC8EF5E-8350-4360-B859-C18453852990}.Release|Win32.Build.0 = Release|Win32
		{1BC8EF5E-8350-4360-B859-C18453852990}.Template|Win32.ActiveCfg = Release|Win32
		{1BC8EF5E-8350-4360-B859-C18453852990}.Template|Win32.Build.0 = Release|Win32
		{03EB2CCC-3BC4-4D19-8E24-9EFA68F772BC}.Debug DLL|Win32.ActiveCfg = Debug|Win32
		{03EB2CCC-3BC4-4D19-8E24-9EFA68F772BC}.Debug DLL|Win32.Build.0 = Debug|Win32
		{03EB2CCC-3BC4-4D19-8E24-9EFA68F772BC}.Debug Unicode DLL|Win32.ActiveCfg = Debug|Win32
		{03EB2CCC-3BC4-4D19-8E24-9EFA68F772BC}.Debug Unicode DLL|Win32.Build.0 = Debug|Win32
		{03EB2CCC-3BC4-4D19-8E24-9EFA68F772BC}.Debug Unicode|Win32.ActiveCfg = Debug|Win32
		{03EB2CCC-3BC4-4D19-8E24-9EFA68F772BC}.Debug Unicode|Win32.Build.0 = Debug|Win32
		{03EB2CCC-3BC4-4D19-8E24-9EFA68F772BC}.Debug|Win32.ActiveCfg = Debug|Win32
		{03EB2CCC-3BC4-4D19-8E24-9EFA68F772BC}.Debug|Win32.Build.0 = Debug|Win32
		{03EB2CCC-3BC4-4D19-8E24-9EFA68F772BC}.Release DLL|Win32.ActiveCfg = Release|Win32
		{03EB2CCC-3BC4-4D19-8E24-9EFA68F772BC}.Release DLL|Win32.Build.0 = Release|Win32
		{03EB2CCC-3BC4-4D19-8E24-9EFA68F772BC}.Release Unicode DLL|Win32.ActiveCfg = Release|Win32
		{03EB2CCC-3BC4-4D19-8E24-9EFA68F772BC}.Release Unicode DLL|Win32.Build.0 = Release|Win32
		{03EB2CCC-3BC4-4D19-8E24-9EFA68F772BC}.Release Unicode|Win32.ActiveCfg = Release|Win32
		{03EB2CCC-3BC4-4D19-8E24-9EFA68F772BC}.Release Unicode|Win32.Build.0 = Release|Win32
		{03EB2CCC-3BC4-4D19-8E24-9EFA68F772BC}.Release With Debug Info|Win32.ActiveCfg = Release|Win32
		{03EB2CCC-3BC4-4D19-8E24-9EFA68F772BC}.Release With Debug Info|Win32.Build.0 = Release|Win32
		{03EB2CCC-3BC4-4D19-8E24-9EFA68F772BC}.Release|Win32.ActiveCfg = Release|Win32
		{03EB2CCC-3BC4-4D19-8E24-9EFA68F772BC}.Release|Win32.Build.0 = Release|Win32
		{03EB2CCC-3BC4-4D19-8E24-9EFA68F772BC}.Template|Win32.ActiveCfg = Template|Win32
		{03EB2CCC-3BC4-4D19-8E24-9EFA68F772BC}.Template|Win32.Build.0 = Template|Win32
		{83C27E06-D77C-4C16-A268-8CE64EC4DAB8}.Debug DLL|Win32.ActiveCfg = Debug|Win32
		{83C27E06-D77C-4C16-A268-8CE64EC4DAB8}.Debug DLL|Win32.Build.0 = Debug|Win32
		{83C27E06-D77C-4C16-A268-8CE64EC4DAB8}.Debug Unicode DLL|Win32.ActiveCfg = Debug|Win32
		{83C27E06-D77C-4C16-A268-8CE64EC4DAB8}.Debug Unicode DLL|Win32.Build.0 = Debug|Win32
		{83C27E06-D77C-4C16-A268-8CE64EC4DAB8}.Debug Unicode|Win32.ActiveCfg = Debug|Win32
		{83C27E06-D77C-4C16-A268-8CE64EC4DAB8}.Debug Unicode|Win32.Build.0 = Debug|Win32
		{83C27E06-D77C-4C16-A268-8CE64EC4DAB8}.Debug|Win32.ActiveCfg = Debug|Win32
		{83C27E06-D77C-4C16-A268-8CE64EC4DAB8}.Debug|Win32.Build.0 = Debug|Win32
		{83C27E06-D77C-4C16-A268-8CE64EC4DAB8}.Release DLL|Win32.ActiveCfg = Release|Win32
		{83C27E06-D77C-4C16-A268-8CE64EC4DAB8}.Release DLL|Win32.Build.0 = Release|Win32
		{83C27E06-D77C-4C16-A268-8CE64EC4DAB8}.Release Unicode DLL|Win32.ActiveCfg = Release|Win32
		{83C27E06-D77C-4C16-A268-8CE64EC4DAB8}.Release Unicode DLL|Win32.Build.0 = Release|Win32
		{83C27E06-D77C-4C16-A268-8CE64EC4DAB8}.Release Unicode|Win32.ActiveCfg = Release|Win32
		{83C27E06-D77C-4C16-A268-8CE64EC4DAB8}.Release Unicode|Win32.Build.0 = Release|Win32
		{83C27E06-D77C-4C16-A268-8CE64EC4DAB8}.Release With Debug Info|Win32.ActiveCfg = Release|Win32
		{83C27E06-D77C-4C16-A268-8CE64EC4DAB8}.Release With Debug Info|Win32.Build.0 = Release|Win32
		{83C27E06-D77C-4C16-A268-8CE64EC4DAB8}.Release|Win32.ActiveCfg = Release|Win32
		{83C27E06-D77C-4C16-A268-8CE64EC4DAB8}.Release|Win32.Build.0 = Release|Win32
		{83C27E06-D77C-4C16-A268-8CE64EC4DAB8}.Template|Win32.ActiveCfg = Template|Win32
		{83C27E06-D77C-4C16-A268-8CE64EC4DAB8}.Template|Win32.Build.0 = Template|Win32
		{7B435C50-A05D-4DB3-8E0C-F9CEDA0BA58F}.Debug DLL|Win32.ActiveCfg = Debug DLL|Win32
		{7B435C50-A05D-4DB3-8E0C-F9CEDA0BA58F}.Debug DLL|Win32.Build.0 = Debug DLL|Win32
		{7B435C50-A05D-4DB3-8E0C-F9CEDA0BA58F}.Debug Unicode DLL|Win32.ActiveCfg = Debug Unicode DLL|Win32
		{7B435C50-A05D-4DB3-8E0C-F9CEDA0BA58F}.Debug Unicode DLL|Win32.Build.0 = Debug Unicode DLL|Win32
		{7B435C50-A05D-4DB3-8E0C-F9CEDA0BA58F}.Debug Unicode|Win32.ActiveCfg = Debug Unicode|Win32
		{7B435C50-A05D-4DB3-8E0C-F9CEDA0BA58F}.Debug Unicode|Win32.Build.0 = Debug Unicode|Win32
		{7B435C50-A05D-4DB3-8E0C-F9CEDA0BA58F}.Debug|Win32.ActiveCfg = Debug|Win32
		{7B435C50-A05D-4DB3-8E0C-F9CEDA0BA58F}.Debug|Win32.Build.0 = Debug|Win32
		{7B435C50-A05D-4DB3-8E0C-F9CEDA0BA58F}.Release DLL|Win32.ActiveCfg = Release DLL|Win32
		{7B435C50-A05D-4DB3-8E0C-F9CEDA0BA58F}.Release DLL|Win32.Build.0 = Release DLL|Win32
		{7B435C50-A05D-4DB3-8E0C-F9CEDA0BA58F}.Release Unicode DLL|Win32.ActiveCfg = Release Unicode DLL|Win32
		{7B435C50-A05D-4DB3-8E0C-F9CEDA0BA58F}.Release Unicode DLL|Win32.Build.0 = Release Unicode DLL|Win32
		{7B435C50-A05D-4DB3-8E0C-F9CEDA0BA58F}.Release Unicode|Win32.ActiveCfg = Release Unicode|Win32
		{7B435C50-A05D-4DB3-8E0C-F9CEDA0BA58F}.Release Unicode|Win32.Build.0 = Release Unicode|Win32
		{7B435C50-A05D-4DB3-8E0C-F9CEDA0BA58F}.Release With Debug Info|Win32.ActiveCfg = Release With Debug Info|Win32
		{7B435C50-A05D-4DB3-8E0C-F9CEDA0BA58F}.Release With Debug Info|Win32.Build.0 = Release With Debug Info|Win32
		{7B435C50-A05D-4DB3-8E0C-F9CEDA0BA58F}.Release|Win32.ActiveCfg = Release|Win32
		{7B435C50-A05D-4DB3-8E0C-F9CEDA0BA58F}.Release|Win32.Build.0 = Release|Win32
		{7B435C50-A05D-4DB3-8E0C-F9CEDA0BA58F}.Template|Win32.ActiveCfg = Template|Win32
		{7B435C50-A05D-4DB3-8E0C-F9CEDA0BA58F}.Template|Win32.Build.0 = Template|Win32
		{387EE3A6-EDEA-450D-A030-86CE2A6147FF}.Debug DLL|Win32.ActiveCfg = Debug|Win32
		{387EE3A6-EDEA-450D-A030-86CE2A6147FF}.Debug DLL|Win32.Build.0 = Debug|Win32
		{387EE3A6-EDEA-450D-A030-86CE2A6147FF}.Debug Unicode DLL|Win32.ActiveCfg = Debug|Win32
		{387EE3A6-EDEA-450D-A030-86CE2A6147FF}.Debug Unicode DLL|Win32.Build.0 = Debug|Win32
		{387EE3A6-EDEA-450D-A030-86CE2A6147FF}.Debug Unicode|Win32.ActiveCfg = Debug|Win32
		{387EE3A6-EDEA-450D-A030-86CE2A6147FF}.Debug Unicode|Win32.Build.0 = Debug|Win32
		{387EE3A6-EDEA-450D-A030-86CE2A6147FF}.Debug|Win32.ActiveCfg = Debug|Win32
		{387EE3A6-EDEA-450D-A030-86CE2A6147FF}.Debug|Win32.Build.0 = Debug|Win32
		{387EE3A6-EDEA-450D-A030-86CE2A6147FF}.Release DLL|Win32.ActiveCfg = Release|Win32
		{387EE3A6-EDEA-450D-A030-86CE2A6147FF}.Release DLL|Win32.Build.0 = Release|Win32
		{387EE3A6-EDEA-450D-A030-86CE2A6147FF}.Release Unicode DLL|Win32.ActiveCfg = Release|Win32
		{387EE3A6-EDEA-450D-A030-86CE2A6147FF}.Release Unicode DLL|Win32.Build.0 = Release|Win32
		{387EE3A6-EDEA-450D-A030-86CE2A6147FF}.Release Unicode|Win32.ActiveCfg = Release|Win32
		{387EE3A6-EDEA-450D-A030-86CE2A6147FF}.Release Unicode|Win32.Build.0 = Release|Win32
		{387EE3A6-EDEA-450D-A030-86CE2A6147FF}.Release With Debug Info|Win32.ActiveCfg = Release|Win32
		{387EE3A6-EDEA-450D-A030-86CE2A6147FF}.Release With Debug Info|Win32.Build.0 = Release|Win32
		{387EE3A6-EDEA-450D-A030-86CE2A6147FF}.Release|Win32.ActiveCfg = Release|Win32
		{387EE3A6-EDEA-450D-A030-86CE2A6147FF}.Release|Win32.Build.0 = Release|Win32
		{387EE3A6-EDEA-450D-A030-86CE2A6147FF}.Template|Win32.ActiveCfg = Template|Win32
		{387EE3A6-EDEA-450D-A030-86CE2A6147FF}.Template|Win32.Build.0 = Template|Win32
		{AF8AFD66-957B-4D09-A1E0-8BCC7E74ECAE}.Debug DLL|Win32.ActiveCfg = Debug DLL|Win32
		{AF8AFD66-957B-4D09-A1E0-8BCC7E74ECAE}.Debug DLL|Win32.Build.0 = Debug DLL|Win32
		{AF8AFD66-957B-4D09-A1E0-8BCC7E74ECAE}.Debug Unicode DLL|Win32.ActiveCfg = Debug Unicode DLL|Win32
		{AF8AFD66-957B-4D09-A1E0-8BCC7E74ECAE}.Debug Unicode DLL|Win32.Build.0 = Debug Unicode DLL|Win32
		{AF8AFD66-957B-4D09-A1E0-8BCC7E74ECAE}.Debug Unicode|Win32.ActiveCfg = Debug Unicode|Win32
		{AF8AFD66-957B-4D09-A1E0-8BCC7E74ECAE}.Debug Unicode|Win32.Build.0 = Debug Unicode|Win32
		{AF8AFD66-957B-4D09-A1E0-8BCC7E74ECAE}.Debug|Win32.ActiveCfg = Debug|Win32
		{AF8AFD66-957B-4D09-A1E0-8BCC7E74ECAE}.Debug|Win32.Build.0 = Debug|Win32
		{AF8AFD66-957B-4D09-A1E0-8BCC7E74ECAE}.Release DLL|Win32.ActiveCfg = Release DLL|Win32
		{AF8AFD66-957B-4D09-A1E0-8BCC7E74ECAE}.Release DLL|Win32.Build.0 = Release DLL|Win32
		{AF8AFD66-957B-4D09-A1E0-8BCC7E74ECAE}.Release Unicode DLL|Win32.ActiveCfg = Release Unicode DLL|Win32
		{AF8AFD66-957B-4D09-A1E0-8BCC7E74ECAE}.Release Unicode DLL|Win32.Build.0 = Release Unicode DLL|Win32
		{AF8AFD66-957B-4D09-A1E0-8BCC7E74ECAE}.Release Unicode|Win32.ActiveCfg = Release Unicode|Win32
		{AF8AFD66-957B-4D09-A1E0-8BCC7E74ECAE}.Release Unicode|Win32.Build.0 = Release Unicode|Win32
		{AF8AFD66-957B-4D09-A1E0-8BCC7E74ECAE}.Release With Debug Info|Win32.ActiveCfg = Release With Debug Info|Win32
		{AF8AFD66-957B-4D09-A1E0-8BCC7E74ECAE}.Release With Debug Info|Win32.Build.0 = Release With Debug Info|Win32
		{AF8AFD66-957B-4D09-A1E0-8BCC7E74ECAE}.Release|Win32.ActiveCfg = Release|Win32
		{AF8AFD66-957B-4D09-A1E0-8BCC7E74ECAE}.Release|Win32.Build.0 = Release|Win32
		{AF8AFD66-957B-4D09-A1E0-8BCC7E74ECAE}.Template|Win32.ActiveCfg = Template|Win32
		{AF8AFD66-957B-4D09-A1E0-8BCC7E74ECAE}.Template|Win32.Build.0 = Template|Win32
		{68B0098B-F3D3-4A78-A1D1-ED1F844BC8F0}.Debug DLL|Win32.ActiveCfg = Debug|Win32
		{68B0098B-F3D3-4A78-A1D1-ED1F844BC8F0}.Debug DLL|Win32.Build.0 = Debug|Win32
		{68B0098B-F3D3-4A78-A1D1-ED1F844BC8F0}.Debug Unicode DLL|Win32.ActiveCfg = Debug|Win32
		{68B0098B-F3D3-4A78-A1D1-ED1F844BC8F0}.Debug Unicode DLL|Win32.Build.0 = Debug|Win32
		{68B0098B-F3D3-4A78-A1D1-ED1F844BC8F0}.Debug Unicode|Win32.ActiveCfg = Debug|Win32
		{68B0098B-F3D3-4A78-A1D1-ED1F844BC8F0}.Debug Unicode|Win32.Build.0 = Debug|Win32
		{68B0098B-F3D3-4A78-A1D1-ED1F844BC8F0}.Debug|Win32.ActiveCfg = Debug|Win32
		{68B0098B-F3D3-4A78-A1D1-ED1F844BC8F0}.Debug|Win32.Build.0 = Debug|Win32
		{68B0098B-F3D3-4A78-A1D1-ED1F844BC8F0}.Release DLL|Win32.ActiveCfg = Release|Win32
		{68B0098B-F3D3-4A78-A1D1-ED1F844BC8F0}.Release DLL|Win32.Build.0 = Release|Win32
		{68B0098B-F3D3-4A78-A1D1-ED1F844BC8F0}.Release Unicode DLL|Win32.ActiveCfg = Release|Win32
		{68B0098B-F3D3-4A78-A1D1-ED1F844BC8F0}.Release Unicode DLL|Win32.Build.0 = Release|Win32
		{68B0098B-F3D3-4A78-A1D1-ED1F844BC8F0}.Release Unicode|Win32.ActiveCfg = Release|Win32
		{68B0098B-F3D3-4A78-A1D1-ED1F844BC8F0}.Release Unicode|Win32.Build.0 = Release|Win32
		{68B0098B-F3D3-4A78-A1D1-ED1F844BC8F0}.Release With Debug Info|Win32.ActiveCfg = Release|Win32
		{68B0098B-F3D3-4A78-A1D1-ED1F844BC8F0}.Release With Debug Info|Win32.Build.0 = Release|Win32
		{68B0098B-F3D3-4A78-A1D1-ED1F844BC8F0}.Release|Win32.ActiveCfg = Release|Win32
		{68B0098B-F3D3-4A78-A1D1-ED1F844BC8F0}.Release|Win32.Build.0 = Release|Win32
		{68B0098B-F3D3-4A78-A1D1-ED1F844BC8F0}.Template|Win32.ActiveCfg = Template|Win32
		{68B0098B-F3D3-4A78-A1D1-ED1F844BC8F0}.Template|Win32.Build.0 = Template|Win32
	EndGlobalSection
	GlobalSection(SolutionProperties) = preSolution
		HideSolutionNode = FALSE
	EndGlobalSection
EndGlobal
