<?xml version="1.0" encoding="utf-8"?>
<Project ToolsVersion="4.0" xmlns="http://schemas.microsoft.com/developer/msbuild/2003">
  <ItemGroup>
    <Filter Include="Source Files">
      <UniqueIdentifier>{6267273d-415f-4dfc-b9f4-877fd8c0989e}</UniqueIdentifier>
      <Extensions>cpp;c;cxx;rc;def;r;odl;idl;hpj;bat</Extensions>
    </Filter>
    <Filter Include="Header Files">
      <UniqueIdentifier>{b10ff292-70b7-4e82-b305-234f53eb9bac}</UniqueIdentifier>
      <Extensions>h;hpp;hxx;hm;inl</Extensions>
    </Filter>
  </ItemGroup>
  <ItemGroup>
    <ClCompile Include="regcomp.c">
      <Filter>Source Files</Filter>
    </ClCompile>
    <ClCompile Include="regerror.c">
      <Filter>Source Files</Filter>
    </ClCompile>
    <ClCompile Include="regexec.c">
      <Filter>Source Files</Filter>
    </ClCompile>
    <ClCompile Include="regfree.c">
      <Filter>Source Files</Filter>
    </ClCompile>
  </ItemGroup>
  <ItemGroup>
    <ClInclude Include="regcustom.h">
      <Filter>Header Files</Filter>
    </ClInclude>
    <ClInclude Include="regerrs.h">
      <Filter>Header Files</Filter>
    </ClInclude>
    <ClInclude Include="regex.h">
      <Filter>Header Files</Filter>
    </ClInclude>
    <ClInclude Include="regguts.h">
      <Filter>Header Files</Filter>
    </ClInclude>
  </ItemGroup>
  <ItemGroup>
    <CustomBuild Include="..\..\include\wx\msw\setup.h">
      <Filter>Header Files</Filter>
    </CustomBuild>
  </ItemGroup>
</Project>